
Microsoft Visual Studio Solution File, Format Version 12.00
# Visual Studio 15
VisualStudioVersion = 15.0.27703.2035
MinimumVisualStudioVersion = 10.0.40219.1
Project("{FAE04EC0-301F-11D3-BF4B-00C04F79EFBC}") = "GitHubGetIssue", "GitHubGetIssue\GitHubGetIssue.csproj", "{8E7392A5-FE9B-4A42-8998-F021D72876D0}"
EndProject
Global
	GlobalSection(SolutionConfigurationPlatforms) = preSolution
		Debug|Any CPU = Debug|Any CPU
		Release|Any CPU = Release|Any CPU
	EndGlobalSection
	GlobalSection(ProjectConfigurationPlatforms) = postSolution
		{8E7392A5-FE9B-4A42-8998-F021D72876D0}.Debug|Any CPU.ActiveCfg = Debug|Any CPU
		{8E7392A5-FE9B-4A42-8998-F021D72876D0}.Debug|Any CPU.Build.0 = Debug|Any CPU
		{8E7392A5-FE9B-4A42-8998-F021D72876D0}.Release|Any CPU.ActiveCfg = Release|Any CPU
		{8E7392A5-FE9B-4A42-8998-F021D72876D0}.Release|Any CPU.Build.0 = Release|Any CPU
	EndGlobalSection
	GlobalSection(SolutionProperties) = preSolution
		HideSolutionNode = FALSE
	EndGlobalSection
	GlobalSection(ExtensibilityGlobals) = postSolution
		SolutionGuid = {E5C4CF4F-A7B9-46E9-83F9-FBC6FCC6B898}
	EndGlobalSection
EndGlobal
