
Microsoft Visual Studio Solution File, Format Version 12.00
# Visual Studio 15
VisualStudioVersion = 15.0.27703.2035
MinimumVisualStudioVersion = 10.0.40219.1
Project("{FAE04EC0-301F-11D3-BF4B-00C04F79EFBC}") = "YoutubeExplodeCmd", "YoutubeExplodeCmd\YoutubeExplodeCmd.csproj", "{0869E303-9C7C-4A9A-9C56-F52127A2EFD4}"
EndProject
Global
	GlobalSection(SolutionConfigurationPlatforms) = preSolution
		Debug|Any CPU = Debug|Any CPU
		Release|Any CPU = Release|Any CPU
	EndGlobalSection
	GlobalSection(ProjectConfigurationPlatforms) = postSolution
		{0869E303-9C7C-4A9A-9C56-F52127A2EFD4}.Debug|Any CPU.ActiveCfg = Debug|Any CPU
		{0869E303-9C7C-4A9A-9C56-F52127A2EFD4}.Debug|Any CPU.Build.0 = Debug|Any CPU
		{0869E303-9C7C-4A9A-9C56-F52127A2EFD4}.Release|Any CPU.ActiveCfg = Release|Any CPU
		{0869E303-9C7C-4A9A-9C56-F52127A2EFD4}.Release|Any CPU.Build.0 = Release|Any CPU
	EndGlobalSection
	GlobalSection(SolutionProperties) = preSolution
		HideSolutionNode = FALSE
	EndGlobalSection
	GlobalSection(ExtensibilityGlobals) = postSolution
		SolutionGuid = {EB3A9B5B-13A6-47D7-8A93-18E7EEA93B54}
	EndGlobalSection
EndGlobal
