
Microsoft Visual Studio Solution File, Format Version 12.00
# Visual Studio 15
VisualStudioVersion = 15.0.27428.2037
MinimumVisualStudioVersion = 10.0.40219.1
Project("{FAE04EC0-301F-11D3-BF4B-00C04F79EFBC}") = "SqlConnection", "SqlConnection\SqlConnection.csproj", "{32A77FE0-92BF-44F8-81D3-8DFBBFA4B921}"
EndProject
Global
	GlobalSection(SolutionConfigurationPlatforms) = preSolution
		Debug|Any CPU = Debug|Any CPU
		Release|Any CPU = Release|Any CPU
	EndGlobalSection
	GlobalSection(ProjectConfigurationPlatforms) = postSolution
		{32A77FE0-92BF-44F8-81D3-8DFBBFA4B921}.Debug|Any CPU.ActiveCfg = Debug|Any CPU
		{32A77FE0-92BF-44F8-81D3-8DFBBFA4B921}.Debug|Any CPU.Build.0 = Debug|Any CPU
		{32A77FE0-92BF-44F8-81D3-8DFBBFA4B921}.Release|Any CPU.ActiveCfg = Release|Any CPU
		{32A77FE0-92BF-44F8-81D3-8DFBBFA4B921}.Release|Any CPU.Build.0 = Release|Any CPU
	EndGlobalSection
	GlobalSection(SolutionProperties) = preSolution
		HideSolutionNode = FALSE
	EndGlobalSection
	GlobalSection(ExtensibilityGlobals) = postSolution
		SolutionGuid = {7658088F-DFF1-4D64-B1D3-064F433F6863}
	EndGlobalSection
EndGlobal
