
Microsoft Visual Studio Solution File, Format Version 12.00
# Visual Studio 15
VisualStudioVersion = 15.0.27703.2035
MinimumVisualStudioVersion = 10.0.40219.1
Project("{9A19103F-16F7-4668-BE54-9A1E7A4F7556}") = "GitHubAddComment", "GitHubAddComment\GitHubAddComment.csproj", "{6C129A06-8C7F-4B3E-BA22-5D947EE38B7C}"
EndProject
Global
	GlobalSection(SolutionConfigurationPlatforms) = preSolution
		Debug|Any CPU = Debug|Any CPU
		Release|Any CPU = Release|Any CPU
	EndGlobalSection
	GlobalSection(ProjectConfigurationPlatforms) = postSolution
		{6C129A06-8C7F-4B3E-BA22-5D947EE38B7C}.Debug|Any CPU.ActiveCfg = Debug|Any CPU
		{6C129A06-8C7F-4B3E-BA22-5D947EE38B7C}.Debug|Any CPU.Build.0 = Debug|Any CPU
		{6C129A06-8C7F-4B3E-BA22-5D947EE38B7C}.Release|Any CPU.ActiveCfg = Release|Any CPU
		{6C129A06-8C7F-4B3E-BA22-5D947EE38B7C}.Release|Any CPU.Build.0 = Release|Any CPU
	EndGlobalSection
	GlobalSection(SolutionProperties) = preSolution
		HideSolutionNode = FALSE
	EndGlobalSection
	GlobalSection(ExtensibilityGlobals) = postSolution
		SolutionGuid = {3E2E9F86-22A9-4BFE-8036-79E140D949AE}
	EndGlobalSection
EndGlobal
